
Microsoft Visual Studio Solution File, Format Version 12.00
# Visual Studio Version 16
VisualStudioVersion = 16.0.31005.135
MinimumVisualStudioVersion = 10.0.40219.1
Project("{FAE04EC0-301F-11D3-BF4B-00C04F79EFBC}") = "practica19.02", "practica19.02\practica19.02.csproj", "{80A88F65-5A66-4264-B404-4E71A46DEC2E}"
EndProject
Global
	GlobalSection(SolutionConfigurationPlatforms) = preSolution
		Debug|Any CPU = Debug|Any CPU
		Release|Any CPU = Release|Any CPU
	EndGlobalSection
	GlobalSection(ProjectConfigurationPlatforms) = postSolution
		{80A88F65-5A66-4264-B404-4E71A46DEC2E}.Debug|Any CPU.ActiveCfg = Debug|Any CPU
		{80A88F65-5A66-4264-B404-4E71A46DEC2E}.Debug|Any CPU.Build.0 = Debug|Any CPU
		{80A88F65-5A66-4264-B404-4E71A46DEC2E}.Release|Any CPU.ActiveCfg = Release|Any CPU
		{80A88F65-5A66-4264-B404-4E71A46DEC2E}.Release|Any CPU.Build.0 = Release|Any CPU
	EndGlobalSection
	GlobalSection(SolutionProperties) = preSolution
		HideSolutionNode = FALSE
	EndGlobalSection
	GlobalSection(ExtensibilityGlobals) = postSolution
		SolutionGuid = {7FB9E3E6-3553-461F-BF93-75E2AECEA57E}
	EndGlobalSection
EndGlobal
